
Microsoft Visual Studio Solution File, Format Version 12.00
# Visual Studio Version 16
VisualStudioVersion = 16.0.29709.97
MinimumVisualStudioVersion = 10.0.40219.1
Project("{9A19103F-16F7-4668-BE54-9A1E7A4F7556}") = "DataStructureTestConsole", "DataStructureTestConsole\DataStructureTestConsole.csproj", "{8F524555-F0E6-4DBE-BE11-FA46D40814B1}"
EndProject
Project("{FAE04EC0-301F-11D3-BF4B-00C04F79EFBC}") = "DataStructure", "DataStructure\DataStructure.csproj", "{9836CB0F-5AA6-47FD-ACBE-908EE5441DA3}"
EndProject
Global
	GlobalSection(SolutionConfigurationPlatforms) = preSolution
		Debug|Any CPU = Debug|Any CPU
		Release|Any CPU = Release|Any CPU
	EndGlobalSection
	GlobalSection(ProjectConfigurationPlatforms) = postSolution
		{8F524555-F0E6-4DBE-BE11-FA46D40814B1}.Debug|Any CPU.ActiveCfg = Debug|Any CPU
		{8F524555-F0E6-4DBE-BE11-FA46D40814B1}.Debug|Any CPU.Build.0 = Debug|Any CPU
		{8F524555-F0E6-4DBE-BE11-FA46D40814B1}.Release|Any CPU.ActiveCfg = Release|Any CPU
		{8F524555-F0E6-4DBE-BE11-FA46D40814B1}.Release|Any CPU.Build.0 = Release|Any CPU
		{9836CB0F-5AA6-47FD-ACBE-908EE5441DA3}.Debug|Any CPU.ActiveCfg = Debug|Any CPU
		{9836CB0F-5AA6-47FD-ACBE-908EE5441DA3}.Debug|Any CPU.Build.0 = Debug|Any CPU
		{9836CB0F-5AA6-47FD-ACBE-908EE5441DA3}.Release|Any CPU.ActiveCfg = Release|Any CPU
		{9836CB0F-5AA6-47FD-ACBE-908EE5441DA3}.Release|Any CPU.Build.0 = Release|Any CPU
	EndGlobalSection
	GlobalSection(SolutionProperties) = preSolution
		HideSolutionNode = FALSE
	EndGlobalSection
	GlobalSection(ExtensibilityGlobals) = postSolution
		SolutionGuid = {6F742586-80F1-4098-B721-19C60BC97CC6}
	EndGlobalSection
EndGlobal
