
Microsoft Visual Studio Solution File, Format Version 12.00
# Visual Studio 15
VisualStudioVersion = 15.0.26430.16
MinimumVisualStudioVersion = 10.0.40219.1
Project("{FAE04EC0-301F-11D3-BF4B-00C04F79EFBC}") = "DoublyLinkedList", "DoublyLinkedList\DoublyLinkedList.csproj", "{5AA205C3-F101-456E-8F5C-98E42E65837D}"
EndProject
Project("{FAE04EC0-301F-11D3-BF4B-00C04F79EFBC}") = "DLL", "DLL\DLL.csproj", "{24129041-4B2A-4A3E-9A75-388E855E4AA0}"
EndProject
Global
	GlobalSection(SolutionConfigurationPlatforms) = preSolution
		Debug|Any CPU = Debug|Any CPU
		Release|Any CPU = Release|Any CPU
	EndGlobalSection
	GlobalSection(ProjectConfigurationPlatforms) = postSolution
		{5AA205C3-F101-456E-8F5C-98E42E65837D}.Debug|Any CPU.ActiveCfg = Debug|Any CPU
		{5AA205C3-F101-456E-8F5C-98E42E65837D}.Debug|Any CPU.Build.0 = Debug|Any CPU
		{5AA205C3-F101-456E-8F5C-98E42E65837D}.Release|Any CPU.ActiveCfg = Release|Any CPU
		{5AA205C3-F101-456E-8F5C-98E42E65837D}.Release|Any CPU.Build.0 = Release|Any CPU
		{24129041-4B2A-4A3E-9A75-388E855E4AA0}.Debug|Any CPU.ActiveCfg = Debug|Any CPU
		{24129041-4B2A-4A3E-9A75-388E855E4AA0}.Debug|Any CPU.Build.0 = Debug|Any CPU
		{24129041-4B2A-4A3E-9A75-388E855E4AA0}.Release|Any CPU.ActiveCfg = Release|Any CPU
		{24129041-4B2A-4A3E-9A75-388E855E4AA0}.Release|Any CPU.Build.0 = Release|Any CPU
	EndGlobalSection
	GlobalSection(SolutionProperties) = preSolution
		HideSolutionNode = FALSE
	EndGlobalSection
EndGlobal
