
Microsoft Visual Studio Solution File, Format Version 12.00
# Visual Studio 15
VisualStudioVersion = 15.0.27703.2000
MinimumVisualStudioVersion = 10.0.40219.1
Project("{FAE04EC0-301F-11D3-BF4B-00C04F79EFBC}") = "PG3_OOP", "PG3_OOP\PG3_OOP.csproj", "{82F8CF6F-D890-419C-8485-3A6781B6C4C7}"
EndProject
Project("{FAE04EC0-301F-11D3-BF4B-00C04F79EFBC}") = "ShapeLib", "ShapeLib\ShapeLib.csproj", "{FF58EE86-7ACB-45FB-8814-1EC04FA9F460}"
EndProject
Global
	GlobalSection(SolutionConfigurationPlatforms) = preSolution
		Debug|Any CPU = Debug|Any CPU
		Release|Any CPU = Release|Any CPU
	EndGlobalSection
	GlobalSection(ProjectConfigurationPlatforms) = postSolution
		{82F8CF6F-D890-419C-8485-3A6781B6C4C7}.Debug|Any CPU.ActiveCfg = Debug|Any CPU
		{82F8CF6F-D890-419C-8485-3A6781B6C4C7}.Debug|Any CPU.Build.0 = Debug|Any CPU
		{82F8CF6F-D890-419C-8485-3A6781B6C4C7}.Release|Any CPU.ActiveCfg = Release|Any CPU
		{82F8CF6F-D890-419C-8485-3A6781B6C4C7}.Release|Any CPU.Build.0 = Release|Any CPU
		{FF58EE86-7ACB-45FB-8814-1EC04FA9F460}.Debug|Any CPU.ActiveCfg = Debug|Any CPU
		{FF58EE86-7ACB-45FB-8814-1EC04FA9F460}.Debug|Any CPU.Build.0 = Debug|Any CPU
		{FF58EE86-7ACB-45FB-8814-1EC04FA9F460}.Release|Any CPU.ActiveCfg = Release|Any CPU
		{FF58EE86-7ACB-45FB-8814-1EC04FA9F460}.Release|Any CPU.Build.0 = Release|Any CPU
	EndGlobalSection
	GlobalSection(SolutionProperties) = preSolution
		HideSolutionNode = FALSE
	EndGlobalSection
	GlobalSection(ExtensibilityGlobals) = postSolution
		SolutionGuid = {1D5E341B-4CBF-4731-938E-9CDD722EC9B0}
	EndGlobalSection
EndGlobal
